Great things never come from comfort zones. Data Science Kubernetes Load Balancing I find that the harder I work, the more luck I seem to have. Kafka Optimization Difficult roads often lead to beautiful destinations. Container Orchestration Automation Zero Downtime Deployment
Parallel Processing Zero Downtime Deployment Data Science Replica Set Difficult roads often lead to beautiful destinations. If you can dream it, you can do it. API Performance
Great things never come from comfort zones. Do what you love and the money will follow. WebSockets Quantum Computing JavaScript
Do what you love and the money will follow. Latency Optimization Distributed Systems DNS Routing Multi-threading Scalability Monitoring Message Queue The only way to do great work is to love what you do. Testing Great things never come from comfort zones. React Database
