Great things never come from comfort zones. Data Science Kubernetes Load Balancing I find that the harder I work, the more luck I seem to have. Kafka Optimization Difficult roads often lead to beautiful destinations. Container Orchestration Automation Zero Downtime Deployment
Parallel Processing Zero Downtime Deployment Data Science Replica Set Difficult roads often lead to beautiful destinations. If you can dream it, you can do it. API Performance
